
Microsoft Visual Studio Solution File, Format Version 12.00
# Visual Studio Version 16
VisualStudioVersion = 16.0.30114.105
MinimumVisualStudioVersion = 10.0.40219.1
Project("{FAE04EC0-301F-11D3-BF4B-00C04F79EFBC}") = "Movie.Domain", "Movie.Domain\Movie.Domain.csproj", "{EA102ED9-739E-4077-AEC8-4C3B37CF4D27}"
EndProject
Project("{FAE04EC0-301F-11D3-BF4B-00C04F79EFBC}") = "Test", "Test\Test.csproj", "{9D0F5200-284F-4ED2-A3C1-89B921993E3A}"
EndProject
Project("{FAE04EC0-301F-11D3-BF4B-00C04F79EFBC}") = "Movie.Infra", "Movie.Infra\Movie.Infra.csproj", "{88A039BF-C879-4DF1-B604-7AD49E805ED5}"
EndProject
Project("{FAE04EC0-301F-11D3-BF4B-00C04F79EFBC}") = "Movie.Test", "Movie.Test\Movie.Test.csproj", "{D09360D1-E532-4507-A077-D804988F7FBB}"
EndProject
Project("{FAE04EC0-301F-11D3-BF4B-00C04F79EFBC}") = "Movie.IOC", "Movie.IOC\Movie.IOC.csproj", "{EA0D4301-5BA4-475D-9BC9-5E15A93FF2ED}"
EndProject
Project("{FAE04EC0-301F-11D3-BF4B-00C04F79EFBC}") = "Movie.Api", "Movie.Api\Movie.Api.csproj", "{54C2608B-1902-4A4E-9C1D-1C2F795AE4CE}"
EndProject
Global
	GlobalSection(SolutionConfigurationPlatforms) = preSolution
		Debug|Any CPU = Debug|Any CPU
		Release|Any CPU = Release|Any CPU
	EndGlobalSection
	GlobalSection(SolutionProperties) = preSolution
		HideSolutionNode = FALSE
	EndGlobalSection
	GlobalSection(ProjectConfigurationPlatforms) = postSolution
		{EA102ED9-739E-4077-AEC8-4C3B37CF4D27}.Debug|Any CPU.ActiveCfg = Debug|Any CPU
		{EA102ED9-739E-4077-AEC8-4C3B37CF4D27}.Debug|Any CPU.Build.0 = Debug|Any CPU
		{EA102ED9-739E-4077-AEC8-4C3B37CF4D27}.Release|Any CPU.ActiveCfg = Release|Any CPU
		{EA102ED9-739E-4077-AEC8-4C3B37CF4D27}.Release|Any CPU.Build.0 = Release|Any CPU
		{9D0F5200-284F-4ED2-A3C1-89B921993E3A}.Debug|Any CPU.ActiveCfg = Debug|Any CPU
		{9D0F5200-284F-4ED2-A3C1-89B921993E3A}.Debug|Any CPU.Build.0 = Debug|Any CPU
		{9D0F5200-284F-4ED2-A3C1-89B921993E3A}.Release|Any CPU.ActiveCfg = Release|Any CPU
		{9D0F5200-284F-4ED2-A3C1-89B921993E3A}.Release|Any CPU.Build.0 = Release|Any CPU
		{88A039BF-C879-4DF1-B604-7AD49E805ED5}.Debug|Any CPU.ActiveCfg = Debug|Any CPU
		{88A039BF-C879-4DF1-B604-7AD49E805ED5}.Debug|Any CPU.Build.0 = Debug|Any CPU
		{88A039BF-C879-4DF1-B604-7AD49E805ED5}.Release|Any CPU.ActiveCfg = Release|Any CPU
		{88A039BF-C879-4DF1-B604-7AD49E805ED5}.Release|Any CPU.Build.0 = Release|Any CPU
		{D09360D1-E532-4507-A077-D804988F7FBB}.Debug|Any CPU.ActiveCfg = Debug|Any CPU
		{D09360D1-E532-4507-A077-D804988F7FBB}.Debug|Any CPU.Build.0 = Debug|Any CPU
		{D09360D1-E532-4507-A077-D804988F7FBB}.Release|Any CPU.ActiveCfg = Release|Any CPU
		{D09360D1-E532-4507-A077-D804988F7FBB}.Release|Any CPU.Build.0 = Release|Any CPU
		{EA0D4301-5BA4-475D-9BC9-5E15A93FF2ED}.Debug|Any CPU.ActiveCfg = Debug|Any CPU
		{EA0D4301-5BA4-475D-9BC9-5E15A93FF2ED}.Debug|Any CPU.Build.0 = Debug|Any CPU
		{EA0D4301-5BA4-475D-9BC9-5E15A93FF2ED}.Release|Any CPU.ActiveCfg = Release|Any CPU
		{EA0D4301-5BA4-475D-9BC9-5E15A93FF2ED}.Release|Any CPU.Build.0 = Release|Any CPU
		{54C2608B-1902-4A4E-9C1D-1C2F795AE4CE}.Debug|Any CPU.ActiveCfg = Debug|Any CPU
		{54C2608B-1902-4A4E-9C1D-1C2F795AE4CE}.Debug|Any CPU.Build.0 = Debug|Any CPU
		{54C2608B-1902-4A4E-9C1D-1C2F795AE4CE}.Release|Any CPU.ActiveCfg = Release|Any CPU
		{54C2608B-1902-4A4E-9C1D-1C2F795AE4CE}.Release|Any CPU.Build.0 = Release|Any CPU
	EndGlobalSection
EndGlobal
